<?xml version="1.0" encoding="utf-8"?>
<Project ToolsVersion="4.0" xmlns="http://schemas.microsoft.com/developer/msbuild/2003">
  <ItemGroup>
    <Filter Include="Source Files">
      <UniqueIdentifier>{4FC737F1-C7A5-4376-A066-2A32D752A2FF}</UniqueIdentifier>
      <Extensions>cpp;c;cc;cxx;def;odl;idl;hpj;bat;asm;asmx</Extensions>
    </Filter>
    <Filter Include="Shader Files">
      <UniqueIdentifier>{81e71c14-3125-4192-a324-72915240568e}</UniqueIdentifier>
      <Extensions>vert;frag;geom;tesc;tese;</Extensions>
    </Filter>
    <Filter Include="Header Files">
      <UniqueIdentifier>{93995380-89BD-4b04-88EB-625FBE52EBFB}</UniqueIdentifier>
      <Extensions>h;hh;hpp;hxx;hm;inl;inc;xsd</Extensions>
    </Filter>
    <Filter Include="Generated Files">
      <UniqueIdentifier>{1582d0c3-c6c0-437f-8724-e4eab84e10c4}</UniqueIdentifier>
      <Extensions>
      </Extensions>
    </Filter>
  </ItemGroup>
  <ItemGroup>
    <ClCompile Include="..\..\DemoQt5\Src\DemoQt5.cpp">
      <Filter>Source Files</Filter>
    </ClCompile>
    <ClCompile Include="..\..\DemoQt5\Src\main.cpp">
      <Filter>Source Files</Filter>
    </ClCompile>
    <ClCompile Include="GeneratedFiles\moc_DemoQt5.cpp">
      <Filter>Generated Files</Filter>
    </ClCompile>
  </ItemGroup>
  <ItemGroup>
    <ClInclude Include="..\..\DemoQt5\Include\DemoQt5.h">
      <Filter>Header Files</Filter>
    </ClInclude>
  </ItemGroup>
  <ItemGroup>
    <None Include="..\..\DemoQt5\Shaders\pass_through.frag">
      <Filter>Shader Files</Filter>
    </None>
    <None Include="..\..\DemoQt5\Shaders\pass_through.geom">
      <Filter>Shader Files</Filter>
    </None>
    <None Include="..\..\DemoQt5\Shaders\pass_through.tesc">
      <Filter>Shader Files</Filter>
    </None>
    <None Include="..\..\DemoQt5\Shaders\pass_through.tese">
      <Filter>Shader Files</Filter>
    </None>
    <None Include="..\..\DemoQt5\Shaders\pass_through.vert">
      <Filter>Shader Files</Filter>
    </None>
  </ItemGroup>
</Project>