
Microsoft Visual Studio Solution File, Format Version 12.00
# Visual Studio 2012
Project("{8BC9CEB8-8B4A-11D0-8D11-00A0C91BC942}") = "AppQt5", "AppQt5\AppQt5.vcxproj", "{8B7BBAA4-B809-4423-A2D1-2C3C69F3CAC8}"
	ProjectSection(ProjectDependencies) = postProject
		{817EB327-196B-4D08-8700-036F6C5DD711} = {817EB327-196B-4D08-8700-036F6C5DD711}
		{DD661633-C20A-408B-B007-CD4F4D0F0A9B} = {DD661633-C20A-408B-B007-CD4F4D0F0A9B}
	EndProjectSection
EndProject
Project("{8BC9CEB8-8B4A-11D0-8D11-00A0C91BC942}") = "AppGLFW", "AppGLFW\AppGLFW.vcxproj", "{300F6702-4DE4-44AA-9130-6839C99D3227}"
	ProjectSection(ProjectDependencies) = postProject
		{817EB327-196B-4D08-8700-036F6C5DD711} = {817EB327-196B-4D08-8700-036F6C5DD711}
		{DD661633-C20A-408B-B007-CD4F4D0F0A9B} = {DD661633-C20A-408B-B007-CD4F4D0F0A9B}
	EndProjectSection
EndProject
Project("{2150E333-8FDC-42A3-9474-1A3956D46DE8}") = "Solution Items", "Solution Items", "{8BDE73EF-1F69-442E-A71E-039E747EF10B}"
	ProjectSection(SolutionItems) = preProject
		..\LICENSE.md = ..\LICENSE.md
		..\README.md = ..\README.md
		..\TODO.txt = ..\TODO.txt
	EndProjectSection
EndProject
Project("{8BC9CEB8-8B4A-11D0-8D11-00A0C91BC942}") = "LibMem", "LibMem\LibMem.vcxproj", "{DD661633-C20A-408B-B007-CD4F4D0F0A9B}"
EndProject
Project("{8BC9CEB8-8B4A-11D0-8D11-00A0C91BC942}") = "LibGem", "LibGem\LibGem.vcxproj", "{817EB327-196B-4D08-8700-036F6C5DD711}"
	ProjectSection(ProjectDependencies) = postProject
		{DD661633-C20A-408B-B007-CD4F4D0F0A9B} = {DD661633-C20A-408B-B007-CD4F4D0F0A9B}
	EndProjectSection
EndProject
Global
	GlobalSection(SolutionConfigurationPlatforms) = preSolution
		Debug|Win32 = Debug|Win32
		Release|Win32 = Release|Win32
	EndGlobalSection
	GlobalSection(ProjectConfigurationPlatforms) = postSolution
		{8B7BBAA4-B809-4423-A2D1-2C3C69F3CAC8}.Debug|Win32.ActiveCfg = Debug|Win32
		{8B7BBAA4-B809-4423-A2D1-2C3C69F3CAC8}.Debug|Win32.Build.0 = Debug|Win32
		{8B7BBAA4-B809-4423-A2D1-2C3C69F3CAC8}.Release|Win32.ActiveCfg = Release|Win32
		{8B7BBAA4-B809-4423-A2D1-2C3C69F3CAC8}.Release|Win32.Build.0 = Release|Win32
		{8B7BBAA4-B809-4423-A2D1-2C3C69F3CAC8}.Release|Win32.Deploy.0 = Release|Win32
		{300F6702-4DE4-44AA-9130-6839C99D3227}.Debug|Win32.ActiveCfg = Debug|Win32
		{300F6702-4DE4-44AA-9130-6839C99D3227}.Debug|Win32.Build.0 = Debug|Win32
		{300F6702-4DE4-44AA-9130-6839C99D3227}.Release|Win32.ActiveCfg = Release|Win32
		{300F6702-4DE4-44AA-9130-6839C99D3227}.Release|Win32.Build.0 = Release|Win32
		{DD661633-C20A-408B-B007-CD4F4D0F0A9B}.Debug|Win32.ActiveCfg = Debug|Win32
		{DD661633-C20A-408B-B007-CD4F4D0F0A9B}.Debug|Win32.Build.0 = Debug|Win32
		{DD661633-C20A-408B-B007-CD4F4D0F0A9B}.Release|Win32.ActiveCfg = Release|Win32
		{DD661633-C20A-408B-B007-CD4F4D0F0A9B}.Release|Win32.Build.0 = Release|Win32
		{DD661633-C20A-408B-B007-CD4F4D0F0A9B}.Release|Win32.Deploy.0 = Release|Win32
		{817EB327-196B-4D08-8700-036F6C5DD711}.Debug|Win32.ActiveCfg = Debug|Win32
		{817EB327-196B-4D08-8700-036F6C5DD711}.Debug|Win32.Build.0 = Debug|Win32
		{817EB327-196B-4D08-8700-036F6C5DD711}.Release|Win32.ActiveCfg = Release|Win32
		{817EB327-196B-4D08-8700-036F6C5DD711}.Release|Win32.Build.0 = Release|Win32
		{817EB327-196B-4D08-8700-036F6C5DD711}.Release|Win32.Deploy.0 = Release|Win32
	EndGlobalSection
	GlobalSection(SolutionProperties) = preSolution
		HideSolutionNode = FALSE
	EndGlobalSection
EndGlobal
